
Microsoft Visual Studio Solution File, Format Version 12.00
# Visual Studio Version 17
VisualStudioVersion = 17.5.33516.290
MinimumVisualStudioVersion = 10.0.40219.1
Project("{2150E333-8FDC-42A3-9474-1A3956D46DE8}") = "Core", "Core", "{D26D4BD5-6ECA-45A2-B70F-1D6356565F61}"
EndProject
Project("{2150E333-8FDC-42A3-9474-1A3956D46DE8}") = "Infrastructure", "Infrastructure", "{A0D62747-0E22-4021-A8DF-202DF8739C1B}"
EndProject
Project("{2150E333-8FDC-42A3-9474-1A3956D46DE8}") = "Common", "Common", "{CC672636-853D-48EB-837C-9EF097EEFD10}"
EndProject
Project("{2150E333-8FDC-42A3-9474-1A3956D46DE8}") = "Peresentation", "Peresentation", "{7147ACC0-63D2-4BA5-806E-0A63FCC59475}"
EndProject
Project("{2150E333-8FDC-42A3-9474-1A3956D46DE8}") = "Doc", "Doc", "{B508D812-E8B9-452A-A739-4A92A3794922}"
EndProject
Project("{2150E333-8FDC-42A3-9474-1A3956D46DE8}") = "Src", "Src", "{3AF8880D-DA39-4A55-ADDB-18B155F4BBC7}"
EndProject
Project("{2150E333-8FDC-42A3-9474-1A3956D46DE8}") = "Test", "Test", "{872908FD-51EE-486F-8594-B22ADA8C05A7}"
EndProject
Project("{9A19103F-16F7-4668-BE54-9A1E7A4F7556}") = "Store.Domain", "Store.Domain\Store.Domain.csproj", "{A5E653E2-DD28-49A5-8DCE-BF6B19076745}"
EndProject
Project("{9A19103F-16F7-4668-BE54-9A1E7A4F7556}") = "Store.Application", "Store.Application\Store.Application.csproj", "{FA7A9DAB-45B2-4044-AF82-29717FEAD6A6}"
EndProject
Project("{9A19103F-16F7-4668-BE54-9A1E7A4F7556}") = "Store.Infrastructure", "Store.Infrastructure\Store.Infrastructure.csproj", "{F79C754A-82CA-423F-9AB5-B4D6102F1A7F}"
EndProject
Project("{9A19103F-16F7-4668-BE54-9A1E7A4F7556}") = "Store.Persistence", "Store.Persistence\Store.Persistence.csproj", "{D67A1B42-5842-4AB5-A5B7-4A3BAC2FAC25}"
EndProject
Project("{9A19103F-16F7-4668-BE54-9A1E7A4F7556}") = "Endpoint.Site", "Endpoint.Site\Endpoint.Site.csproj", "{E08D8377-0598-4B85-B4AD-260F480656B8}"
EndProject
Project("{FAE04EC0-301F-11D3-BF4B-00C04F79EFBC}") = "Store.Common", "Store.Common\Store.Common.csproj", "{84FE748B-07FA-4F9C-A384-C7781D401958}"
EndProject
Global
	GlobalSection(SolutionConfigurationPlatforms) = preSolution
		Debug|Any CPU = Debug|Any CPU
		Release|Any CPU = Release|Any CPU
	EndGlobalSection
	GlobalSection(ProjectConfigurationPlatforms) = postSolution
		{A5E653E2-DD28-49A5-8DCE-BF6B19076745}.Debug|Any CPU.ActiveCfg = Debug|Any CPU
		{A5E653E2-DD28-49A5-8DCE-BF6B19076745}.Debug|Any CPU.Build.0 = Debug|Any CPU
		{A5E653E2-DD28-49A5-8DCE-BF6B19076745}.Release|Any CPU.ActiveCfg = Release|Any CPU
		{A5E653E2-DD28-49A5-8DCE-BF6B19076745}.Release|Any CPU.Build.0 = Release|Any CPU
		{FA7A9DAB-45B2-4044-AF82-29717FEAD6A6}.Debug|Any CPU.ActiveCfg = Debug|Any CPU
		{FA7A9DAB-45B2-4044-AF82-29717FEAD6A6}.Debug|Any CPU.Build.0 = Debug|Any CPU
		{FA7A9DAB-45B2-4044-AF82-29717FEAD6A6}.Release|Any CPU.ActiveCfg = Release|Any CPU
		{FA7A9DAB-45B2-4044-AF82-29717FEAD6A6}.Release|Any CPU.Build.0 = Release|Any CPU
		{F79C754A-82CA-423F-9AB5-B4D6102F1A7F}.Debug|Any CPU.ActiveCfg = Debug|Any CPU
		{F79C754A-82CA-423F-9AB5-B4D6102F1A7F}.Debug|Any CPU.Build.0 = Debug|Any CPU
		{F79C754A-82CA-423F-9AB5-B4D6102F1A7F}.Release|Any CPU.ActiveCfg = Release|Any CPU
		{F79C754A-82CA-423F-9AB5-B4D6102F1A7F}.Release|Any CPU.Build.0 = Release|Any CPU
		{D67A1B42-5842-4AB5-A5B7-4A3BAC2FAC25}.Debug|Any CPU.ActiveCfg = Debug|Any CPU
		{D67A1B42-5842-4AB5-A5B7-4A3BAC2FAC25}.Debug|Any CPU.Build.0 = Debug|Any CPU
		{D67A1B42-5842-4AB5-A5B7-4A3BAC2FAC25}.Release|Any CPU.ActiveCfg = Release|Any CPU
		{D67A1B42-5842-4AB5-A5B7-4A3BAC2FAC25}.Release|Any CPU.Build.0 = Release|Any CPU
		{E08D8377-0598-4B85-B4AD-260F480656B8}.Debug|Any CPU.ActiveCfg = Debug|Any CPU
		{E08D8377-0598-4B85-B4AD-260F480656B8}.Debug|Any CPU.Build.0 = Debug|Any CPU
		{E08D8377-0598-4B85-B4AD-260F480656B8}.Release|Any CPU.ActiveCfg = Release|Any CPU
		{E08D8377-0598-4B85-B4AD-260F480656B8}.Release|Any CPU.Build.0 = Release|Any CPU
		{84FE748B-07FA-4F9C-A384-C7781D401958}.Debug|Any CPU.ActiveCfg = Debug|Any CPU
		{84FE748B-07FA-4F9C-A384-C7781D401958}.Debug|Any CPU.Build.0 = Debug|Any CPU
		{84FE748B-07FA-4F9C-A384-C7781D401958}.Release|Any CPU.ActiveCfg = Release|Any CPU
		{84FE748B-07FA-4F9C-A384-C7781D401958}.Release|Any CPU.Build.0 = Release|Any CPU
	EndGlobalSection
	GlobalSection(SolutionProperties) = preSolution
		HideSolutionNode = FALSE
	EndGlobalSection
	GlobalSection(NestedProjects) = preSolution
		{D26D4BD5-6ECA-45A2-B70F-1D6356565F61} = {3AF8880D-DA39-4A55-ADDB-18B155F4BBC7}
		{A0D62747-0E22-4021-A8DF-202DF8739C1B} = {3AF8880D-DA39-4A55-ADDB-18B155F4BBC7}
		{CC672636-853D-48EB-837C-9EF097EEFD10} = {3AF8880D-DA39-4A55-ADDB-18B155F4BBC7}
		{7147ACC0-63D2-4BA5-806E-0A63FCC59475} = {3AF8880D-DA39-4A55-ADDB-18B155F4BBC7}
		{A5E653E2-DD28-49A5-8DCE-BF6B19076745} = {D26D4BD5-6ECA-45A2-B70F-1D6356565F61}
		{FA7A9DAB-45B2-4044-AF82-29717FEAD6A6} = {D26D4BD5-6ECA-45A2-B70F-1D6356565F61}
		{F79C754A-82CA-423F-9AB5-B4D6102F1A7F} = {A0D62747-0E22-4021-A8DF-202DF8739C1B}
		{D67A1B42-5842-4AB5-A5B7-4A3BAC2FAC25} = {A0D62747-0E22-4021-A8DF-202DF8739C1B}
		{E08D8377-0598-4B85-B4AD-260F480656B8} = {7147ACC0-63D2-4BA5-806E-0A63FCC59475}
		{84FE748B-07FA-4F9C-A384-C7781D401958} = {CC672636-853D-48EB-837C-9EF097EEFD10}
	EndGlobalSection
	GlobalSection(ExtensibilityGlobals) = postSolution
		SolutionGuid = {BCE3C965-69D7-49BF-9FF7-8CD7F61C9F17}
	EndGlobalSection
EndGlobal
